// !$*UTF8*$!
{
	archiveVersion = 1;
	classes = {
	};
	objectVersion = 51;
	objects = {

/* Begin PBXBuildFile section */
		56A648FC05BB6A6E73BCF74D /* Pods_MessagingApp.framework in Frameworks */ = {isa = PBXBuildFile; fileRef = 3147EA853C59B585BD91F58C /* Pods_MessagingApp.framework */; };
		C1FD1FD623DCE5F700F2CC51 /* AppDelegate.swift in Sources */ = {isa = PBXBuildFile; fileRef = C1FD1FD523DCE5F700F2CC51 /* AppDelegate.swift */; };
		C1FD1FD823DCE5F700F2CC51 /* SceneDelegate.swift in Sources */ = {isa = PBXBuildFile; fileRef = C1FD1FD723DCE5F700F2CC51 /* SceneDelegate.swift */; };
		C1FD1FDA23DCE5F700F2CC51 /* ViewController.swift in Sources */ = {isa = PBXBuildFile; fileRef = C1FD1FD923DCE5F700F2CC51 /* ViewController.swift */; };
		C1FD1FDD23DCE5F700F2CC51 /* Main.storyboard in Resources */ = {isa = PBXBuildFile; fileRef = C1FD1FDB23DCE5F700F2CC51 /* Main.storyboard */; };
		C1FD1FDF23DCE5F700F2CC51 /* Assets.xcassets in Resources */ = {isa = PBXBuildFile; fileRef = C1FD1FDE23DCE5F700F2CC51 /* Assets.xcassets */; };
		C1FD1FE223DCE5F700F2CC51 /* LaunchScreen.storyboard in Resources */ = {isa = PBXBuildFile; fileRef = C1FD1FE023DCE5F700F2CC51 /* LaunchScreen.storyboard */; };
		C1FD1FEA23DCE66300F2CC51 /* GoogleService-Info.plist in Resources */ = {isa = PBXBuildFile; fileRef = C1FD1FE923DCE66300F2CC51 /* GoogleService-Info.plist */; };
		C1FD1FEC23DCEF3400F2CC51 /* CompoaseViewController.swift in Sources */ = {isa = PBXBuildFile; fileRef = C1FD1FEB23DCEF3400F2CC51 /* CompoaseViewController.swift */; };
/* End PBXBuildFile section */

/* Begin PBXFileReference section */
		25BE89FF260A3A78B3BF36EF /* Pods-MessagingApp.release.xcconfig */ = {isa = PBXFileReference; includeInIndex = 1; lastKnownFileType = text.xcconfig; name = "Pods-MessagingApp.release.xcconfig"; path = "Target Support Files/Pods-MessagingApp/Pods-MessagingApp.release.xcconfig"; sourceTree = "<group>"; };
		3147EA853C59B585BD91F58C /* Pods_MessagingApp.framework */ = {isa = PBXFileReference; explicitFileType = wrapper.framework; includeInIndex = 0; path = Pods_MessagingApp.framework; sourceTree = BUILT_PRODUCTS_DIR; };
		C1FD1FD223DCE5F700F2CC51 /* MessagingApp.app */ = {isa = PBXFileReference; explicitFileType = wrapper.application; includeInIndex = 0; path = MessagingApp.app; sourceTree = BUILT_PRODUCTS_DIR; };
		C1FD1FD523DCE5F700F2CC51 /* AppDelegate.swift */ = {isa = PBXFileReference; lastKnownFileType = sourcecode.swift; path = AppDelegate.swift; sourceTree = "<group>"; };
		C1FD1FD723DCE5F700F2CC51 /* SceneDelegate.swift */ = {isa = PBXFileReference; lastKnownFileType = sourcecode.swift; path = SceneDelegate.swift; sourceTree = "<group>"; };
		C1FD1FD923DCE5F700F2CC51 /* ViewController.swift */ = {isa = PBXFileReference; lastKnownFileType = sourcecode.swift; path = ViewController.swift; sourceTree = "<group>"; };
		C1FD1FDC23DCE5F700F2CC51 /* Base */ = {isa = PBXFileReference; lastKnownFileType = file.storyboard; name = Base; path = Base.lproj/Main.storyboard; sourceTree = "<group>"; };
		C1FD1FDE23DCE5F700F2CC51 /* Assets.xcassets */ = {isa = PBXFileReference; lastKnownFileType = folder.assetcatalog; path = Assets.xcassets; sourceTree = "<group>"; };
		C1FD1FE123DCE5F700F2CC51 /* Base */ = {isa = PBXFileReference; lastKnownFileType = file.storyboard; name = Base; path = Base.lproj/LaunchScreen.storyboard; sourceTree = "<group>"; };
		C1FD1FE323DCE5F700F2CC51 /* Info.plist */ = {isa = PBXFileReference; lastKnownFileType = text.plist.xml; path = Info.plist; sourceTree = "<group>"; };
		C1FD1FE923DCE66300F2CC51 /* GoogleService-Info.plist */ = {isa = PBXFileReference; fileEncoding = 4; lastKnownFileType = text.plist.xml; path = "GoogleService-Info.plist"; sourceTree = "<group>"; };
		C1FD1FEB23DCEF3400F2CC51 /* CompoaseViewController.swift */ = {isa = PBXFileReference; lastKnownFileType = sourcecode.swift; path = CompoaseViewController.swift; sourceTree = "<group>"; };
		E2AE26835C828E62470734AE /* Pods-MessagingApp.debug.xcconfig */ = {isa = PBXFileReference; includeInIndex = 1; lastKnownFileType = text.xcconfig; name = "Pods-MessagingApp.debug.xcconfig"; path = "Target Support Files/Pods-MessagingApp/Pods-MessagingApp.debug.xcconfig"; sourceTree = "<group>"; };
/* End PBXFileReference section */

/* Begin PBXFrameworksBuildPhase section */
		C1FD1FCF23DCE5F700F2CC51 /* Frameworks */ = {
			isa = PBXFrameworksBuildPhase;
			buildActionMask = 2147483647;
			files = (
				56A648FC05BB6A6E73BCF74D /* Pods_MessagingApp.framework in Frameworks */,
			);
			runOnlyForDeploymentPostprocessing = 0;
		};
/* End PBXFrameworksBuildPhase section */

/* Begin PBXGroup section */
		6BC05D05089C13A7CAA69CE8 /* Pods */ = {
			isa = PBXGroup;
			children = (
				E2AE26835C828E62470734AE /* Pods-MessagingApp.debug.xcconfig */,
				25BE89FF260A3A78B3BF36EF /* Pods-MessagingApp.release.xcconfig */,
			);
			path = Pods;
			sourceTree = "<group>";
		};
		A96F7DCB38E7A3D9CA6E80EA /* Frameworks */ = {
			isa = PBXGroup;
			children = (
				3147EA853C59B585BD91F58C /* Pods_MessagingApp.framework */,
			);
			name = Frameworks;
			sourceTree = "<group>";
		};
		C1FD1FC923DCE5F700F2CC51 = {
			isa = PBXGroup;
			children = (
				C1FD1FD423DCE5F700F2CC51 /* MessagingApp */,
				C1FD1FD323DCE5F700F2CC51 /* Products */,
				6BC05D05089C13A7CAA69CE8 /* Pods */,
				A96F7DCB38E7A3D9CA6E80EA /* Frameworks */,
			);
			sourceTree = "<group>";
		};
		C1FD1FD323DCE5F700F2CC51 /* Products */ = {
			isa = PBXGroup;
			children = (
				C1FD1FD223DCE5F700F2CC51 /* MessagingApp.app */,
			);
			name = Products;
			sourceTree = "<group>";
		};
		C1FD1FD423DCE5F700F2CC51 /* MessagingApp */ = {
			isa = PBXGroup;
			children = (
				C1FD1FD523DCE5F700F2CC51 /* AppDelegate.swift */,
				C1FD1FD723DCE5F700F2CC51 /* SceneDelegate.swift */,
				C1FD1FD923DCE5F700F2CC51 /* ViewController.swift */,
				C1FD1FEB23DCEF3400F2CC51 /* CompoaseViewController.swift */,
				C1FD1FDB23DCE5F700F2CC51 /* Main.storyboard */,
				C1FD1FDE23DCE5F700F2CC51 /* Assets.xcassets */,
				C1FD1FE023DCE5F700F2CC51 /* LaunchScreen.storyboard */,
				C1FD1FE323DCE5F700F2CC51 /* Info.plist */,
				C1FD1FE923DCE66300F2CC51 /* GoogleService-Info.plist */,
			);
			path = MessagingApp;
			sourceTree = "<group>";
		};
/* End PBXGroup section */

/* Begin PBXNativeTarget section */
		C1FD1FD123DCE5F700F2CC51 /* MessagingApp */ = {
			isa = PBXNativeTarget;
			buildConfigurationList = C1FD1FE623DCE5F700F2CC51 /* Build configuration list for PBXNativeTarget "MessagingApp" */;
			buildPhases = (
				E78575961227320F4BA827DC /* [CP] Check Pods Manifest.lock */,
				C1FD1FCE23DCE5F700F2CC51 /* Sources */,
				C1FD1FCF23DCE5F700F2CC51 /* Frameworks */,
				C1FD1FD023DCE5F700F2CC51 /* Resources */,
				EF66E00F50394103FD6D99B0 /* [CP] Embed Pods Frameworks */,
			);
			buildRules = (
			);
			dependencies = (
			);
			name = MessagingApp;
			productName = MessagingApp;
			productReference = C1FD1FD223DCE5F700F2CC51 /* MessagingApp.app */;
			productType = "com.apple.product-type.application";
		};
/* End PBXNativeTarget section */

/* Begin PBXProject section */
		C1FD1FCA23DCE5F700F2CC51 /* Project object */ = {
			isa = PBXProject;
			attributes = {
				LastSwiftUpdateCheck = 1110;
				LastUpgradeCheck = 1110;
				ORGANIZATIONNAME = Mohab;
				TargetAttributes = {
					C1FD1FD123DCE5F700F2CC51 = {
						CreatedOnToolsVersion = 11.1;
					};
				};
			};
			buildConfigurationList = C1FD1FCD23DCE5F700F2CC51 /* Build configuration list for PBXProject "MessagingApp" */;
			compatibilityVersion = "Xcode 9.3";
			developmentRegion = en;
			hasScannedForEncodings = 0;
			knownRegions = (
				en,
				Base,
			);
			mainGroup = C1FD1FC923DCE5F700F2CC51;
			productRefGroup = C1FD1FD323DCE5F700F2CC51 /* Products */;
			projectDirPath = "";
			projectRoot = "";
			targets = (
				C1FD1FD123DCE5F700F2CC51 /* MessagingApp */,
			);
		};
/* End PBXProject section */

/* Begin PBXResourcesBuildPhase section */
		C1FD1FD023DCE5F700F2CC51 /* Resources */ = {
			isa = PBXResourcesBuildPhase;
			buildActionMask = 2147483647;
			files = (
				C1FD1FE223DCE5F700F2CC51 /* LaunchScreen.storyboard in Resources */,
				C1FD1FEA23DCE66300F2CC51 /* GoogleService-Info.plist in Resources */,
				C1FD1FDF23DCE5F700F2CC51 /* Assets.xcassets in Resources */,
				C1FD1FDD23DCE5F700F2CC51 /* Main.storyboard in Resources */,
			);
			runOnlyForDeploymentPostprocessing = 0;
		};
/* End PBXResourcesBuildPhase section */

/* Begin PBXShellScriptBuildPhase section */
		E78575961227320F4BA827DC /* [CP] Check Pods Manifest.lock */ = {
			isa = PBXShellScriptBuildPhase;
			buildActionMask = 2147483647;
			files = (
			);
			inputFileListPaths = (
			);
			inputPaths = (
				"${PODS_PODFILE_DIR_PATH}/Podfile.lock",
				"${PODS_ROOT}/Manifest.lock",
			);
			name = "[CP] Check Pods Manifest.lock";
			outputFileListPaths = (
			);
			outputPaths = (
				"$(DERIVED_FILE_DIR)/Pods-MessagingApp-checkManifestLockResult.txt",
			);
			runOnlyForDeploymentPostprocessing = 0;
			shellPath = /bin/sh;
			shellScript = "diff \"${PODS_PODFILE_DIR_PATH}/Podfile.lock\" \"${PODS_ROOT}/Manifest.lock\" > /dev/null\nif [ $? != 0 ] ; then\n    # print error to STDERR\n    echo \"error: The sandbox is not in sync with the Podfile.lock. Run 'pod install' or update your CocoaPods installation.\" >&2\n    exit 1\nfi\n# This output is used by Xcode 'outputs' to avoid re-running this script phase.\necho \"SUCCESS\" > \"${SCRIPT_OUTPUT_FILE_0}\"\n";
			showEnvVarsInLog = 0;
		};
		EF66E00F50394103FD6D99B0 /* [CP] Embed Pods Frameworks */ = {
			isa = PBXShellScriptBuildPhase;
			buildActionMask = 2147483647;
			files = (
			);
			inputFileListPaths = (
				"${PODS_ROOT}/Target Support Files/Pods-MessagingApp/Pods-MessagingApp-frameworks-${CONFIGURATION}-input-files.xcfilelist",
			);
			name = "[CP] Embed Pods Frameworks";
			outputFileListPaths = (
				"${PODS_ROOT}/Target Support Files/Pods-MessagingApp/Pods-MessagingApp-frameworks-${CONFIGURATION}-output-files.xcfilelist",
			);
			runOnlyForDeploymentPostprocessing = 0;
			shellPath = /bin/sh;
			shellScript = "\"${PODS_ROOT}/Target Support Files/Pods-MessagingApp/Pods-MessagingApp-frameworks.sh\"\n";
			showEnvVarsInLog = 0;
		};
/* End PBXShellScriptBuildPhase section */

/* Begin PBXSourcesBuildPhase section */
		C1FD1FCE23DCE5F700F2CC51 /* Sources */ = {
			isa = PBXSourcesBuildPhase;
			buildActionMask = 2147483647;
			files = (
				C1FD1FDA23DCE5F700F2CC51 /* ViewController.swift in Sources */,
				C1FD1FEC23DCEF3400F2CC51 /* CompoaseViewController.swift in Sources */,
				C1FD1FD623DCE5F700F2CC51 /* AppDelegate.swift in Sources */,
				C1FD1FD823DCE5F700F2CC51 /* SceneDelegate.swift in Sources */,
			);
			runOnlyForDeploymentPostprocessing = 0;
		};
/* End PBXSourcesBuildPhase section */

/* Begin PBXVariantGroup section */
		C1FD1FDB23DCE5F700F2CC51 /* Main.storyboard */ = {
			isa = PBXVariantGroup;
			children = (
				C1FD1FDC23DCE5F700F2CC51 /* Base */,
			);
			name = Main.storyboard;
			sourceTree = "<group>";
		};
		C1FD1FE023DCE5F700F2CC51 /* LaunchScreen.storyboard */ = {
			isa = PBXVariantGroup;
			children = (
				C1FD1FE123DCE5F700F2CC51 /* Base */,
			);
			name = LaunchScreen.storyboard;
			sourceTree = "<group>";
		};
/* End PBXVariantGroup section */

/* Begin XCBuildConfiguration section */
		C1FD1FE423DCE5F700F2CC51 /* Debug */ = {
			isa = XCBuildConfiguration;
			buildSettings = {
				ALWAYS_SEARCH_USER_PATHS = NO;
				CLANG_ANALYZER_NONNULL = YES;
				CLANG_ANALYZER_NUMBER_OBJECT_CONVERSION = YES_AGGRESSIVE;
				CLANG_CXX_LANGUAGE_STANDARD = "gnu++14";
				CLANG_CXX_LIBRARY = "libc++";
				CLANG_ENABLE_MODULES = YES;
				CLANG_ENABLE_OBJC_ARC = YES;
				CLANG_ENABLE_OBJC_WEAK = YES;
				CLANG_WARN_BLOCK_CAPTURE_AUTORELEASING = YES;
				CLANG_WARN_BOOL_CONVERSION = YES;
				CLANG_WARN_COMMA = YES;
				CLANG_WARN_CONSTANT_CONVERSION = YES;
				CLANG_WARN_DEPRECATED_OBJC_IMPLEMENTATIONS = YES;
				CLANG_WARN_DIRECT_OBJC_ISA_USAGE = YES_ERROR;
				CLANG_WARN_DOCUMENTATION_COMMENTS = YES;
				CLANG_WARN_EMPTY_BODY = YES;
				CLANG_WARN_ENUM_CONVERSION = YES;
				CLANG_WARN_INFINITE_RECURSION = YES;
				CLANG_WARN_INT_CONVERSION = YES;
				CLANG_WARN_NON_LITERAL_NULL_CONVERSION = YES;
				CLANG_WARN_OBJC_IMPLICIT_RETAIN_SELF = YES;
				CLANG_WARN_OBJC_LITERAL_CONVERSION = YES;
				CLANG_WARN_OBJC_ROOT_CLASS = YES_ERROR;
				CLANG_WARN_RANGE_LOOP_ANALYSIS = YES;
				CLANG_WARN_STRICT_PROTOTYPES = YES;
				CLANG_WARN_SUSPICIOUS_MOVE = YES;
				CLANG_WARN_UNGUARDED_AVAILABILITY = YES_AGGRESSIVE;
				CLANG_WARN_UNREACHABLE_CODE = YES;
				CLANG_WARN__DUPLICATE_METHOD_MATCH = YES;
				COPY_PHASE_STRIP = NO;
				DEBUG_INFORMATION_FORMAT = dwarf;
				ENABLE_STRICT_OBJC_MSGSEND = YES;
				ENABLE_TESTABILITY = YES;
				GCC_C_LANGUAGE_STANDARD = gnu11;
				GCC_DYNAMIC_NO_PIC = NO;
				GCC_NO_COMMON_BLOCKS = YES;
				GCC_OPTIMIZATION_LEVEL = 0;
				GCC_PREPROCESSOR_DEFINITIONS = (
					"DEBUG=1",
					"$(inherited)",
				);
				GCC_WARN_64_TO_32_BIT_CONVERSION = YES;
				GCC_WARN_ABOUT_RETURN_TYPE = YES_ERROR;
				GCC_WARN_UNDECLARED_SELECTOR = YES;
				GCC_WARN_UNINITIALIZED_AUTOS = YES_AGGRESSIVE;
				GCC_WARN_UNUSED_FUNCTION = YES;
				GCC_WARN_UNUSED_VARIABLE = YES;
				IPHONEOS_DEPLOYMENT_TARGET = 13.1;
				MTL_ENABLE_DEBUG_INFO = INCLUDE_SOURCE;
				MTL_FAST_MATH = YES;
				ONLY_ACTIVE_ARCH = YES;
				SDKROOT = iphoneos;
				SWIFT_ACTIVE_COMPILATION_CONDITIONS = DEBUG;
				SWIFT_OPTIMIZATION_LEVEL = "-Onone";
			};
			name = Debug;
		};
		C1FD1FE523DCE5F700F2CC51 /* Release */ = {
			isa = XCBuildConfiguration;
			buildSettings = {
				ALWAYS_SEARCH_USER_PATHS = NO;
				CLANG_ANALYZER_NONNULL = YES;
				CLANG_ANALYZER_NUMBER_OBJECT_CONVERSION = YES_AGGRESSIVE;
				CLANG_CXX_LANGUAGE_STANDARD = "gnu++14";
				CLANG_CXX_LIBRARY = "libc++";
				CLANG_ENABLE_MODULES = YES;
				CLANG_ENABLE_OBJC_ARC = YES;
				CLANG_ENABLE_OBJC_WEAK = YES;
				CLANG_WARN_BLOCK_CAPTURE_AUTORELEASING = YES;
				CLANG_WARN_BOOL_CONVERSION = YES;
				CLANG_WARN_COMMA = YES;
				CLANG_WARN_CONSTANT_CONVERSION = YES;
				CLANG_WARN_DEPRECATED_OBJC_IMPLEMENTATIONS = YES;
				CLANG_WARN_DIRECT_OBJC_ISA_USAGE = YES_ERROR;
				CLANG_WARN_DOCUMENTATION_COMMENTS = YES;
				CLANG_WARN_EMPTY_BODY = YES;
				CLANG_WARN_ENUM_CONVERSION = YES;
				CLANG_WARN_INFINITE_RECURSION = YES;
				CLANG_WARN_INT_CONVERSION = YES;
				CLANG_WARN_NON_LITERAL_NULL_CONVERSION = YES;
				CLANG_WARN_OBJC_IMPLICIT_RETAIN_SELF = YES;
				CLANG_WARN_OBJC_LITERAL_CONVERSION = YES;
				CLANG_WARN_OBJC_ROOT_CLASS = YES_ERROR;
				CLANG_WARN_RANGE_LOOP_ANALYSIS = YES;
				CLANG_WARN_STRICT_PROTOTYPES = YES;
				CLANG_WARN_SUSPICIOUS_MOVE = YES;
				CLANG_WARN_UNGUARDED_AVAILABILITY = YES_AGGRESSIVE;
				CLANG_WARN_UNREACHABLE_CODE = YES;
				CLANG_WARN__DUPLICATE_METHOD_MATCH = YES;
				COPY_PHASE_STRIP = NO;
				DEBUG_INFORMATION_FORMAT = "dwarf-with-dsym";
				ENABLE_NS_ASSERTIONS = NO;
				ENABLE_STRICT_OBJC_MSGSEND = YES;
				GCC_C_LANGUAGE_STANDARD = gnu11;
				GCC_NO_COMMON_BLOCKS = YES;
				GCC_WARN_64_TO_32_BIT_CONVERSION = YES;
				GCC_WARN_ABOUT_RETURN_TYPE = YES_ERROR;
				GCC_WARN_UNDECLARED_SELECTOR = YES;
				GCC_WARN_UNINITIALIZED_AUTOS = YES_AGGRESSIVE;
				GCC_WARN_UNUSED_FUNCTION = YES;
				GCC_WARN_UNUSED_VARIABLE = YES;
				IPHONEOS_DEPLOYMENT_TARGET = 13.1;
				MTL_ENABLE_DEBUG_INFO = NO;
				MTL_FAST_MATH = YES;
				SDKROOT = iphoneos;
				SWIFT_COMPILATION_MODE = wholemodule;
				SWIFT_OPTIMIZATION_LEVEL = "-O";
				VALIDATE_PRODUCT = YES;
			};
			name = Release;
		};
		C1FD1FE723DCE5F700F2CC51 /* Debug */ = {
			isa = XCBuildConfiguration;
			baseConfigurationReference = E2AE26835C828E62470734AE /* Pods-MessagingApp.debug.xcconfig */;
			buildSettings = {
				ASSETCATALOG_COMPILER_APPICON_NAME = AppIcon;
				CODE_SIGN_STYLE = Automatic;
				INFOPLIST_FILE = MessagingApp/Info.plist;
				LD_RUNPATH_SEARCH_PATHS = (
					"$(inherited)",
					"@executable_path/Frameworks",
				);
				PRODUCT_BUNDLE_IDENTIFIER = com.mohab.MessagingApp;
				PRODUCT_NAME = "$(TARGET_NAME)";
				SWIFT_VERSION = 5.0;
				TARGETED_DEVICE_FAMILY = "1,2";
			};
			name = Debug;
		};
		C1FD1FE823DCE5F700F2CC51 /* Release */ = {
			isa = XCBuildConfiguration;
			baseConfigurationReference = 25BE89FF260A3A78B3BF36EF /* Pods-MessagingApp.release.xcconfig */;
			buildSettings = {
				ASSETCATALOG_COMPILER_APPICON_NAME = AppIcon;
				CODE_SIGN_STYLE = Automatic;
				INFOPLIST_FILE = MessagingApp/Info.plist;
				LD_RUNPATH_SEARCH_PATHS = (
					"$(inherited)",
					"@executable_path/Frameworks",
				);
				PRODUCT_BUNDLE_IDENTIFIER = com.mohab.MessagingApp;
				PRODUCT_NAME = "$(TARGET_NAME)";
				SWIFT_VERSION = 5.0;
				TARGETED_DEVICE_FAMILY = "1,2";
			};
			name = Release;
		};
/* End XCBuildConfiguration section */

/* Begin XCConfigurationList section */
		C1FD1FCD23DCE5F700F2CC51 /* Build configuration list for PBXProject "MessagingApp" */ = {
			isa = XCConfigurationList;
			buildConfigurations = (
				C1FD1FE423DCE5F700F2CC51 /* Debug */,
				C1FD1FE523DCE5F700F2CC51 /* Release */,
			);
			defaultConfigurationIsVisible = 0;
			defaultConfigurationName = Release;
		};
		C1FD1FE623DCE5F700F2CC51 /* Build configuration list for PBXNativeTarget "MessagingApp" */ = {
			isa = XCConfigurationList;
			buildConfigurations = (
				C1FD1FE723DCE5F700F2CC51 /* Debug */,
				C1FD1FE823DCE5F700F2CC51 /* Release */,
			);
			defaultConfigurationIsVisible = 0;
			defaultConfigurationName = Release;
		};
/* End XCConfigurationList section */
	};
	rootObject = C1FD1FCA23DCE5F700F2CC51 /* Project object */;
}
